{
    "_readme": [
        "This file locks the dependencies of your project to a known state",
        "Read more about it at http://getcomposer.org/doc/01-basic-usage.md#composer-lock-the-lock-file",
        "This file is @generated automatically"
    ],
    "hash": "3fc7d9ad9d68c4f12d98bb7735ae5b6f",
    "packages": [
        {
            "name": "johngrogg/ics-parser",
            "version": "v1.0.1",
            "source": {
                "type": "git",
                "url": "https://github.com/johngrogg/ics-parser.git",
                "reference": "7c30290478514b01ae124ef962afe491a98a2326"
            },
            "dist": {
                "type": "zip",
                "url": "https://api.github.com/repos/johngrogg/ics-parser/zipball/7c30290478514b01ae124ef962afe491a98a2326",
                "reference": "7c30290478514b01ae124ef962afe491a98a2326",
                "shasum": ""
            },
            "type": "library",
            "autoload": {
                "classmap": [
                    "class.iCalReader.php"
                ]
            },
            "notification-url": "https://packagist.org/downloads/",
            "authors": [
                {
                    "name": "Martin Thoma",
                    "email": "info@martin-thoma.de",
                    "role": "Original Developer"
                },
                {
                    "name": "John Grogg",
                    "email": "john.grogg@gmail.com",
                    "role": "Developer"
                }
            ],
            "description": "Ics file parser",
            "keywords": [
                "ical",
                "ics"
            ],
            "time": "2015-02-24 21:06:50"
        }
    ],
    "packages-dev": [],
    "aliases": [],
    "minimum-stability": "stable",
    "stability-flags": [],
    "prefer-stable": false,
    "prefer-lowest": false,
    "platform": [],
    "platform-dev": []
}
